
Microsoft Visual Studio Solution File, Format Version 12.00
# Visual Studio Version 16
VisualStudioVersion = 16.0.28803.352
MinimumVisualStudioVersion = 10.0.40219.1
Project("{FAE04EC0-301F-11D3-BF4B-00C04F79EFBC}") = "Distinct Substrings", "Distinct Substrings.csproj", "{B19ADC73-09F2-4F3F-B709-99EEF7ED4681}"
EndProject
Global
	GlobalSection(SolutionConfigurationPlatforms) = preSolution
		Debug|Any CPU = Debug|Any CPU
		Release|Any CPU = Release|Any CPU
	EndGlobalSection
	GlobalSection(ProjectConfigurationPlatforms) = postSolution
		{B19ADC73-09F2-4F3F-B709-99EEF7ED4681}.Debug|Any CPU.ActiveCfg = Debug|Any CPU
		{B19ADC73-09F2-4F3F-B709-99EEF7ED4681}.Debug|Any CPU.Build.0 = Debug|Any CPU
		{B19ADC73-09F2-4F3F-B709-99EEF7ED4681}.Release|Any CPU.ActiveCfg = Release|Any CPU
		{B19ADC73-09F2-4F3F-B709-99EEF7ED4681}.Release|Any CPU.Build.0 = Release|Any CPU
	EndGlobalSection
	GlobalSection(SolutionProperties) = preSolution
		HideSolutionNode = FALSE
	EndGlobalSection
	GlobalSection(ExtensibilityGlobals) = postSolution
		SolutionGuid = {74C1E824-A48F-4FF1-ACB4-7F536EA4025A}
	EndGlobalSection
EndGlobal
